
Microsoft Visual Studio Solution File, Format Version 12.00
# Visual Studio Version 16
VisualStudioVersion = 16.0.31205.134
MinimumVisualStudioVersion = 10.0.40219.1
Project("{FAE04EC0-301F-11D3-BF4B-00C04F79EFBC}") = "WebApplicationDZ4", "WebApplicationDZ4\WebApplicationDZ4.csproj", "{40B6E8A3-47D7-4DD9-A7AC-552C2EC5D330}"
EndProject
Global
	GlobalSection(SolutionConfigurationPlatforms) = preSolution
		Debug|Any CPU = Debug|Any CPU
		Release|Any CPU = Release|Any CPU
	EndGlobalSection
	GlobalSection(ProjectConfigurationPlatforms) = postSolution
		{40B6E8A3-47D7-4DD9-A7AC-552C2EC5D330}.Debug|Any CPU.ActiveCfg = Debug|Any CPU
		{40B6E8A3-47D7-4DD9-A7AC-552C2EC5D330}.Debug|Any CPU.Build.0 = Debug|Any CPU
		{40B6E8A3-47D7-4DD9-A7AC-552C2EC5D330}.Release|Any CPU.ActiveCfg = Release|Any CPU
		{40B6E8A3-47D7-4DD9-A7AC-552C2EC5D330}.Release|Any CPU.Build.0 = Release|Any CPU
	EndGlobalSection
	GlobalSection(SolutionProperties) = preSolution
		HideSolutionNode = FALSE
	EndGlobalSection
	GlobalSection(ExtensibilityGlobals) = postSolution
		SolutionGuid = {42E6C53E-B3D5-482A-938A-31C31803AAEF}
	EndGlobalSection
EndGlobal
